<?xml version="1.0" encoding="utf-8"?>
<Project ToolsVersion="4.0" xmlns="http://schemas.microsoft.com/developer/msbuild/2003">
  <ItemGroup>
    <Filter Include="hlsl">
      <UniqueIdentifier>{98F1977C-8428-990D-2D15-7F10192B150F}</UniqueIdentifier>
    </Filter>
  </ItemGroup>
  <ItemGroup>
    <ClInclude Include="..\..\code\renderer\stb_image.h" />
    <ClInclude Include="..\..\code\renderer\tr_help.h" />
    <ClInclude Include="..\..\code\renderer\tr_local.h" />
    <ClInclude Include="..\..\code\renderer\tr_public.h" />
    <ClInclude Include="..\..\code\renderer\grp_local.h" />
    <ClInclude Include="..\..\code\renderer\rhi_public.h" />
    <ClInclude Include="..\..\code\renderer\rhi_local.h" />
  </ItemGroup>
  <ItemGroup>
    <ClCompile Include="..\..\code\renderer\stb_image.cpp" />
    <ClCompile Include="..\..\code\renderer\tr_backend.cpp" />
    <ClCompile Include="..\..\code\renderer\tr_bsp.cpp" />
    <ClCompile Include="..\..\code\renderer\tr_cmds.cpp" />
    <ClCompile Include="..\..\code\renderer\tr_curve.cpp" />
    <ClCompile Include="..\..\code\renderer\tr_image.cpp" />
    <ClCompile Include="..\..\code\renderer\tr_image_scale.cpp" />
    <ClCompile Include="..\..\code\renderer\tr_init.cpp" />
    <ClCompile Include="..\..\code\renderer\tr_light.cpp" />
    <ClCompile Include="..\..\code\renderer\tr_main.cpp" />
    <ClCompile Include="..\..\code\renderer\tr_marks.cpp" />
    <ClCompile Include="..\..\code\renderer\tr_mesh.cpp" />
    <ClCompile Include="..\..\code\renderer\tr_model.cpp" />
    <ClCompile Include="..\..\code\renderer\tr_noise.cpp" />
    <ClCompile Include="..\..\code\renderer\tr_scene.cpp" />
    <ClCompile Include="..\..\code\renderer\tr_shade.cpp" />
    <ClCompile Include="..\..\code\renderer\tr_shade_calc.cpp" />
    <ClCompile Include="..\..\code\renderer\tr_shader.cpp" />
    <ClCompile Include="..\..\code\renderer\tr_sky.cpp" />
    <ClCompile Include="..\..\code\renderer\tr_surface.cpp" />
    <ClCompile Include="..\..\code\renderer\tr_world.cpp" />
    <ClCompile Include="..\..\code\renderer\rhi_d3d12.cpp" />
    <ClCompile Include="..\..\code\renderer\D3D12MemAlloc.cpp" />
    <ClCompile Include="..\..\code\renderer\grp_main.cpp" />
    <ClCompile Include="..\..\code\renderer\grp_mip_gen.cpp" />
    <ClCompile Include="..\..\code\renderer\grp_ui.cpp" />
    <ClCompile Include="..\..\code\renderer\grp_world.cpp" />
    <ClCompile Include="..\..\code\renderer\tr_renderdoc.cpp" />
    <ClCompile Include="..\..\code\renderer\grp_imgui.cpp" />
    <ClCompile Include="..\..\code\renderer\grp_post.cpp" />
  </ItemGroup>
</Project>