<?xml version="1.0" encoding="utf-8"?>
<Project ToolsVersion="4.0" xmlns="http://schemas.microsoft.com/developer/msbuild/2003">
  <ItemGroup>
    <Filter Include="Source Files">
      <UniqueIdentifier>{94bb50c8-177b-479c-ad08-4586b64927e6}</UniqueIdentifier>
      <Extensions>cpp;c;cxx;rc;def;r;odl;idl;hpj;bat</Extensions>
    </Filter>
    <Filter Include="Header Files">
      <UniqueIdentifier>{f306030e-d010-494b-b46f-4c87693bb06f}</UniqueIdentifier>
      <Extensions>h;hpp;hxx;hm;inl</Extensions>
    </Filter>
    <Filter Include="jpeg">
      <UniqueIdentifier>{f3018e97-c9a9-4c50-b4a6-3c42a18ffbb0}</UniqueIdentifier>
    </Filter>
    <Filter Include="jpeg\Source Files">
      <UniqueIdentifier>{5764582d-13ca-4145-9c16-d06a82ca8da2}</UniqueIdentifier>
    </Filter>
    <Filter Include="jpeg\Header Files">
      <UniqueIdentifier>{7c8bd4f7-7de8-4822-9162-da2dd391702d}</UniqueIdentifier>
    </Filter>
  </ItemGroup>
  <ItemGroup>
    <ClCompile Include="..\..\renderer\tr_arb.cpp">
      <Filter>Source Files</Filter>
    </ClCompile>
    <ClCompile Include="..\..\renderer\tr_backend.cpp">
      <Filter>Source Files</Filter>
    </ClCompile>
    <ClCompile Include="..\..\renderer\tr_bsp.cpp">
      <Filter>Source Files</Filter>
    </ClCompile>
    <ClCompile Include="..\..\renderer\tr_cmds.cpp">
      <Filter>Source Files</Filter>
    </ClCompile>
    <ClCompile Include="..\..\renderer\tr_curve.cpp">
      <Filter>Source Files</Filter>
    </ClCompile>
    <ClCompile Include="..\..\renderer\tr_extensions.cpp">
      <Filter>Source Files</Filter>
    </ClCompile>
    <ClCompile Include="..\..\renderer\tr_flares.cpp">
      <Filter>Source Files</Filter>
    </ClCompile>
    <ClCompile Include="..\..\renderer\tr_font.cpp">
      <Filter>Source Files</Filter>
    </ClCompile>
    <ClCompile Include="..\..\renderer\tr_image.cpp">
      <Filter>Source Files</Filter>
    </ClCompile>
    <ClCompile Include="..\..\renderer\tr_init.cpp">
      <Filter>Source Files</Filter>
    </ClCompile>
    <ClCompile Include="..\..\renderer\tr_light.cpp">
      <Filter>Source Files</Filter>
    </ClCompile>
    <ClCompile Include="..\..\renderer\tr_main.cpp">
      <Filter>Source Files</Filter>
    </ClCompile>
    <ClCompile Include="..\..\renderer\tr_marks.cpp">
      <Filter>Source Files</Filter>
    </ClCompile>
    <ClCompile Include="..\..\renderer\tr_mesh.cpp">
      <Filter>Source Files</Filter>
    </ClCompile>
    <ClCompile Include="..\..\renderer\tr_model.cpp">
      <Filter>Source Files</Filter>
    </ClCompile>
    <ClCompile Include="..\..\renderer\tr_noise.cpp">
      <Filter>Source Files</Filter>
    </ClCompile>
    <ClCompile Include="..\..\renderer\tr_scene.cpp">
      <Filter>Source Files</Filter>
    </ClCompile>
    <ClCompile Include="..\..\renderer\tr_shade.cpp">
      <Filter>Source Files</Filter>
    </ClCompile>
    <ClCompile Include="..\..\renderer\tr_shade_calc.cpp">
      <Filter>Source Files</Filter>
    </ClCompile>
    <ClCompile Include="..\..\renderer\tr_shader.cpp">
      <Filter>Source Files</Filter>
    </ClCompile>
    <ClCompile Include="..\..\renderer\tr_sky.cpp">
      <Filter>Source Files</Filter>
    </ClCompile>
    <ClCompile Include="..\..\renderer\tr_surface.cpp">
      <Filter>Source Files</Filter>
    </ClCompile>
    <ClCompile Include="..\..\renderer\tr_world.cpp">
      <Filter>Source Files</Filter>
    </ClCompile>
    <ClCompile Include="..\win_glimp.cpp">
      <Filter>Source Files</Filter>
    </ClCompile>
    <ClCompile Include="..\win_qgl.c">
      <Filter>Source Files</Filter>
    </ClCompile>
    <ClCompile Include="..\..\jpeg-6\jcapimin.c">
      <Filter>jpeg\Source Files</Filter>
    </ClCompile>
    <ClCompile Include="..\..\jpeg-6\jccoefct.c">
      <Filter>jpeg\Source Files</Filter>
    </ClCompile>
    <ClCompile Include="..\..\jpeg-6\jccolor.c">
      <Filter>jpeg\Source Files</Filter>
    </ClCompile>
    <ClCompile Include="..\..\jpeg-6\jcdctmgr.c">
      <Filter>jpeg\Source Files</Filter>
    </ClCompile>
    <ClCompile Include="..\..\jpeg-6\jchuff.c">
      <Filter>jpeg\Source Files</Filter>
    </ClCompile>
    <ClCompile Include="..\..\jpeg-6\jcinit.c">
      <Filter>jpeg\Source Files</Filter>
    </ClCompile>
    <ClCompile Include="..\..\jpeg-6\jcmainct.c">
      <Filter>jpeg\Source Files</Filter>
    </ClCompile>
    <ClCompile Include="..\..\jpeg-6\jcmarker.c">
      <Filter>jpeg\Source Files</Filter>
    </ClCompile>
    <ClCompile Include="..\..\jpeg-6\jcmaster.c">
      <Filter>jpeg\Source Files</Filter>
    </ClCompile>
    <ClCompile Include="..\..\jpeg-6\jcomapi.c">
      <Filter>jpeg\Source Files</Filter>
    </ClCompile>
    <ClCompile Include="..\..\jpeg-6\jcparam.c">
      <Filter>jpeg\Source Files</Filter>
    </ClCompile>
    <ClCompile Include="..\..\jpeg-6\jcphuff.c">
      <Filter>jpeg\Source Files</Filter>
    </ClCompile>
    <ClCompile Include="..\..\jpeg-6\jcprepct.c">
      <Filter>jpeg\Source Files</Filter>
    </ClCompile>
    <ClCompile Include="..\..\jpeg-6\jcsample.c">
      <Filter>jpeg\Source Files</Filter>
    </ClCompile>
    <ClCompile Include="..\..\jpeg-6\jctrans.c">
      <Filter>jpeg\Source Files</Filter>
    </ClCompile>
    <ClCompile Include="..\..\jpeg-6\jdapimin.c">
      <Filter>jpeg\Source Files</Filter>
    </ClCompile>
    <ClCompile Include="..\..\jpeg-6\jdapistd.c">
      <Filter>jpeg\Source Files</Filter>
    </ClCompile>
    <ClCompile Include="..\..\jpeg-6\jdatadst.c">
      <Filter>jpeg\Source Files</Filter>
    </ClCompile>
    <ClCompile Include="..\..\jpeg-6\jdatasrc.c">
      <Filter>jpeg\Source Files</Filter>
    </ClCompile>
    <ClCompile Include="..\..\jpeg-6\jdcoefct.c">
      <Filter>jpeg\Source Files</Filter>
    </ClCompile>
    <ClCompile Include="..\..\jpeg-6\jdcolor.c">
      <Filter>jpeg\Source Files</Filter>
    </ClCompile>
    <ClCompile Include="..\..\jpeg-6\jddctmgr.c">
      <Filter>jpeg\Source Files</Filter>
    </ClCompile>
    <ClCompile Include="..\..\jpeg-6\jdhuff.c">
      <Filter>jpeg\Source Files</Filter>
    </ClCompile>
    <ClCompile Include="..\..\jpeg-6\jdinput.c">
      <Filter>jpeg\Source Files</Filter>
    </ClCompile>
    <ClCompile Include="..\..\jpeg-6\jdmainct.c">
      <Filter>jpeg\Source Files</Filter>
    </ClCompile>
    <ClCompile Include="..\..\jpeg-6\jdmarker.c">
      <Filter>jpeg\Source Files</Filter>
    </ClCompile>
    <ClCompile Include="..\..\jpeg-6\jdmaster.c">
      <Filter>jpeg\Source Files</Filter>
    </ClCompile>
    <ClCompile Include="..\..\jpeg-6\jdpostct.c">
      <Filter>jpeg\Source Files</Filter>
    </ClCompile>
    <ClCompile Include="..\..\jpeg-6\jdsample.c">
      <Filter>jpeg\Source Files</Filter>
    </ClCompile>
    <ClCompile Include="..\..\jpeg-6\jdtrans.c">
      <Filter>jpeg\Source Files</Filter>
    </ClCompile>
    <ClCompile Include="..\..\jpeg-6\jerror.c">
      <Filter>jpeg\Source Files</Filter>
    </ClCompile>
    <ClCompile Include="..\..\jpeg-6\jfdctflt.c">
      <Filter>jpeg\Source Files</Filter>
    </ClCompile>
    <ClCompile Include="..\..\jpeg-6\jidctflt.c">
      <Filter>jpeg\Source Files</Filter>
    </ClCompile>
    <ClCompile Include="..\..\jpeg-6\jmemmgr.c">
      <Filter>jpeg\Source Files</Filter>
    </ClCompile>
    <ClCompile Include="..\..\jpeg-6\jmemnobs.c">
      <Filter>jpeg\Source Files</Filter>
    </ClCompile>
    <ClCompile Include="..\..\jpeg-6\jutils.c">
      <Filter>jpeg\Source Files</Filter>
    </ClCompile>
  </ItemGroup>
  <ItemGroup>
    <ClInclude Include="..\..\qcommon\cm_public.h">
      <Filter>Header Files</Filter>
    </ClInclude>
    <ClInclude Include="..\glw_win.h">
      <Filter>Header Files</Filter>
    </ClInclude>
    <ClInclude Include="..\..\qcommon\q_shared.h">
      <Filter>Header Files</Filter>
    </ClInclude>
    <ClInclude Include="..\..\qcommon\qcommon.h">
      <Filter>Header Files</Filter>
    </ClInclude>
    <ClInclude Include="..\..\qcommon\qfiles.h">
      <Filter>Header Files</Filter>
    </ClInclude>
    <ClInclude Include="..\..\renderer\qgl.h">
      <Filter>Header Files</Filter>
    </ClInclude>
    <ClInclude Include="..\..\renderer\qgl_ext.h">
      <Filter>Header Files</Filter>
    </ClInclude>
    <ClInclude Include="..\..\qcommon\surfaceflags.h">
      <Filter>Header Files</Filter>
    </ClInclude>
    <ClInclude Include="..\..\renderer\tr_local.h">
      <Filter>Header Files</Filter>
    </ClInclude>
    <ClInclude Include="..\..\renderer\tr_public.h">
      <Filter>Header Files</Filter>
    </ClInclude>
    <ClInclude Include="..\..\qcommon\tr_types.h">
      <Filter>Header Files</Filter>
    </ClInclude>
    <ClInclude Include="..\win_local.h">
      <Filter>Header Files</Filter>
    </ClInclude>
    <ClInclude Include="..\..\jpeg-6\jchuff.h">
      <Filter>jpeg\Header Files</Filter>
    </ClInclude>
    <ClInclude Include="..\..\jpeg-6\jconfig.h">
      <Filter>jpeg\Header Files</Filter>
    </ClInclude>
    <ClInclude Include="..\..\jpeg-6\jdct.h">
      <Filter>jpeg\Header Files</Filter>
    </ClInclude>
    <ClInclude Include="..\..\jpeg-6\jdhuff.h">
      <Filter>jpeg\Header Files</Filter>
    </ClInclude>
    <ClInclude Include="..\..\jpeg-6\jerror.h">
      <Filter>jpeg\Header Files</Filter>
    </ClInclude>
    <ClInclude Include="..\..\jpeg-6\jinclude.h">
      <Filter>jpeg\Header Files</Filter>
    </ClInclude>
    <ClInclude Include="..\..\jpeg-6\jmemsys.h">
      <Filter>jpeg\Header Files</Filter>
    </ClInclude>
    <ClInclude Include="..\..\jpeg-6\jmorecfg.h">
      <Filter>jpeg\Header Files</Filter>
    </ClInclude>
    <ClInclude Include="..\..\jpeg-6\jpegint.h">
      <Filter>jpeg\Header Files</Filter>
    </ClInclude>
    <ClInclude Include="..\..\jpeg-6\jpeglib.h">
      <Filter>jpeg\Header Files</Filter>
    </ClInclude>
    <ClInclude Include="..\..\jpeg-6\jversion.h">
      <Filter>jpeg\Header Files</Filter>
    </ClInclude>
  </ItemGroup>
</Project>