
Microsoft Visual Studio Solution File, Format Version 12.00
# Visual Studio 2013
Project("{8BC9CEB8-8B4A-11D0-8D11-00A0C91BC942}") = "cnq3", "cnq3.vcxproj", "{BA3B957C-A672-960D-4F5F-7C103B75120F}"
EndProject
Project("{8BC9CEB8-8B4A-11D0-8D11-00A0C91BC942}") = "cnq3-server", "cnq3-server.vcxproj", "{3EA67B52-AA5B-F447-3350-EE1E9F04EB4B}"
EndProject
Project("{8BC9CEB8-8B4A-11D0-8D11-00A0C91BC942}") = "botlib", "botlib.vcxproj", "{A1A792F4-8D49-BDCA-7604-D11E6245441B}"
EndProject
Project("{8BC9CEB8-8B4A-11D0-8D11-00A0C91BC942}") = "glew", "glew.vcxproj", "{7463977C-609A-980D-0987-7E10F59C140F}"
EndProject
Project("{8BC9CEB8-8B4A-11D0-8D11-00A0C91BC942}") = "renderer", "renderer.vcxproj", "{9C6AA017-8837-FB22-B150-E9CA9D7C30B1}"
EndProject
Project("{8BC9CEB8-8B4A-11D0-8D11-00A0C91BC942}") = "libjpeg-turbo", "libjpeg-turbo.vcxproj", "{DB56484D-4717-C483-1052-0D017CD10860}"
EndProject
Global
	GlobalSection(SolutionConfigurationPlatforms) = preSolution
		debug|Win32 = debug|Win32
		debug|x64 = debug|x64
		release|Win32 = release|Win32
		release|x64 = release|x64
	EndGlobalSection
	GlobalSection(ProjectConfigurationPlatforms) = postSolution
		{BA3B957C-A672-960D-4F5F-7C103B75120F}.debug|Win32.ActiveCfg = debug|Win32
		{BA3B957C-A672-960D-4F5F-7C103B75120F}.debug|Win32.Build.0 = debug|Win32
		{BA3B957C-A672-960D-4F5F-7C103B75120F}.debug|x64.ActiveCfg = debug|x64
		{BA3B957C-A672-960D-4F5F-7C103B75120F}.debug|x64.Build.0 = debug|x64
		{BA3B957C-A672-960D-4F5F-7C103B75120F}.release|Win32.ActiveCfg = release|Win32
		{BA3B957C-A672-960D-4F5F-7C103B75120F}.release|Win32.Build.0 = release|Win32
		{BA3B957C-A672-960D-4F5F-7C103B75120F}.release|x64.ActiveCfg = release|x64
		{BA3B957C-A672-960D-4F5F-7C103B75120F}.release|x64.Build.0 = release|x64
		{3EA67B52-AA5B-F447-3350-EE1E9F04EB4B}.debug|Win32.ActiveCfg = debug|Win32
		{3EA67B52-AA5B-F447-3350-EE1E9F04EB4B}.debug|Win32.Build.0 = debug|Win32
		{3EA67B52-AA5B-F447-3350-EE1E9F04EB4B}.debug|x64.ActiveCfg = debug|x64
		{3EA67B52-AA5B-F447-3350-EE1E9F04EB4B}.debug|x64.Build.0 = debug|x64
		{3EA67B52-AA5B-F447-3350-EE1E9F04EB4B}.release|Win32.ActiveCfg = release|Win32
		{3EA67B52-AA5B-F447-3350-EE1E9F04EB4B}.release|Win32.Build.0 = release|Win32
		{3EA67B52-AA5B-F447-3350-EE1E9F04EB4B}.release|x64.ActiveCfg = release|x64
		{3EA67B52-AA5B-F447-3350-EE1E9F04EB4B}.release|x64.Build.0 = release|x64
		{A1A792F4-8D49-BDCA-7604-D11E6245441B}.debug|Win32.ActiveCfg = debug|Win32
		{A1A792F4-8D49-BDCA-7604-D11E6245441B}.debug|Win32.Build.0 = debug|Win32
		{A1A792F4-8D49-BDCA-7604-D11E6245441B}.debug|x64.ActiveCfg = debug|x64
		{A1A792F4-8D49-BDCA-7604-D11E6245441B}.debug|x64.Build.0 = debug|x64
		{A1A792F4-8D49-BDCA-7604-D11E6245441B}.release|Win32.ActiveCfg = release|Win32
		{A1A792F4-8D49-BDCA-7604-D11E6245441B}.release|Win32.Build.0 = release|Win32
		{A1A792F4-8D49-BDCA-7604-D11E6245441B}.release|x64.ActiveCfg = release|x64
		{A1A792F4-8D49-BDCA-7604-D11E6245441B}.release|x64.Build.0 = release|x64
		{7463977C-609A-980D-0987-7E10F59C140F}.debug|Win32.ActiveCfg = debug|Win32
		{7463977C-609A-980D-0987-7E10F59C140F}.debug|Win32.Build.0 = debug|Win32
		{7463977C-609A-980D-0987-7E10F59C140F}.debug|x64.ActiveCfg = debug|x64
		{7463977C-609A-980D-0987-7E10F59C140F}.debug|x64.Build.0 = debug|x64
		{7463977C-609A-980D-0987-7E10F59C140F}.release|Win32.ActiveCfg = release|Win32
		{7463977C-609A-980D-0987-7E10F59C140F}.release|Win32.Build.0 = release|Win32
		{7463977C-609A-980D-0987-7E10F59C140F}.release|x64.ActiveCfg = release|x64
		{7463977C-609A-980D-0987-7E10F59C140F}.release|x64.Build.0 = release|x64
		{9C6AA017-8837-FB22-B150-E9CA9D7C30B1}.debug|Win32.ActiveCfg = debug|Win32
		{9C6AA017-8837-FB22-B150-E9CA9D7C30B1}.debug|Win32.Build.0 = debug|Win32
		{9C6AA017-8837-FB22-B150-E9CA9D7C30B1}.debug|x64.ActiveCfg = debug|x64
		{9C6AA017-8837-FB22-B150-E9CA9D7C30B1}.debug|x64.Build.0 = debug|x64
		{9C6AA017-8837-FB22-B150-E9CA9D7C30B1}.release|Win32.ActiveCfg = release|Win32
		{9C6AA017-8837-FB22-B150-E9CA9D7C30B1}.release|Win32.Build.0 = release|Win32
		{9C6AA017-8837-FB22-B150-E9CA9D7C30B1}.release|x64.ActiveCfg = release|x64
		{9C6AA017-8837-FB22-B150-E9CA9D7C30B1}.release|x64.Build.0 = release|x64
		{DB56484D-4717-C483-1052-0D017CD10860}.debug|Win32.ActiveCfg = debug|Win32
		{DB56484D-4717-C483-1052-0D017CD10860}.debug|Win32.Build.0 = debug|Win32
		{DB56484D-4717-C483-1052-0D017CD10860}.debug|x64.ActiveCfg = debug|x64
		{DB56484D-4717-C483-1052-0D017CD10860}.debug|x64.Build.0 = debug|x64
		{DB56484D-4717-C483-1052-0D017CD10860}.release|Win32.ActiveCfg = release|Win32
		{DB56484D-4717-C483-1052-0D017CD10860}.release|Win32.Build.0 = release|Win32
		{DB56484D-4717-C483-1052-0D017CD10860}.release|x64.ActiveCfg = release|x64
		{DB56484D-4717-C483-1052-0D017CD10860}.release|x64.Build.0 = release|x64
	EndGlobalSection
	GlobalSection(SolutionProperties) = preSolution
		HideSolutionNode = FALSE
	EndGlobalSection
EndGlobal
